
Microsoft Visual Studio Solution File, Format Version 12.00
# Visual Studio 14
VisualStudioVersion = 14.0.24720.0
MinimumVisualStudioVersion = 10.0.40219.1
Project("{FAE04EC0-301F-11D3-BF4B-00C04F79EFBC}") = "System.Windows.Documents.Reporting", "System.Windows.Documents.Reporting\System.Windows.Documents.Reporting.csproj", "{E4B8A5C6-F483-490C-AF3D-3345083AB7DC}"
EndProject
Project("{2150E333-8FDC-42A3-9474-1A3956D46DE8}") = "Solution Items", "Solution Items", "{57C347B3-6782-4A69-A938-3BF115091078}"
	ProjectSection(SolutionItems) = preProject
		.gitignore = .gitignore
		LICENSE = LICENSE
		README.md = README.md
	EndProjectSection
EndProject
Project("{2150E333-8FDC-42A3-9474-1A3956D46DE8}") = "Samples", "Samples", "{DC346831-38C2-4E4A-8833-10F15873C70B}"
EndProject
Project("{FAE04EC0-301F-11D3-BF4B-00C04F79EFBC}") = "XamlReporting.Samples.Console", "Samples\XamlReporting.Samples.Console\XamlReporting.Samples.Console.csproj", "{74BE5657-E0A3-4C92-9AF9-A9496F52405B}"
EndProject
Project("{FAE04EC0-301F-11D3-BF4B-00C04F79EFBC}") = "XamlReporting.Samples.Wpf", "Samples\XamlReporting.Samples.Wpf\XamlReporting.Samples.Wpf.csproj", "{82801FD1-A4C5-475E-A169-62F3FD3305E6}"
EndProject
Project("{2150E333-8FDC-42A3-9474-1A3956D46DE8}") = "Documentation", "Documentation", "{14770785-096A-45A8-8051-F732ECA51556}"
EndProject
Project("{2150E333-8FDC-42A3-9474-1A3956D46DE8}") = "Images", "Images", "{84F0F72A-EF56-4F93-9CEB-1C60152F1ED4}"
	ProjectSection(SolutionItems) = preProject
		Documentation\Images\Banner.png = Documentation\Images\Banner.png
		Documentation\Images\Logo.fw.png = Documentation\Images\Logo.fw.png
		Documentation\Images\Logo.ico = Documentation\Images\Logo.ico
		Documentation\Images\Logo1024x1024.png = Documentation\Images\Logo1024x1024.png
		Documentation\Images\Logo128x128.png = Documentation\Images\Logo128x128.png
		Documentation\Images\Logo256x256.png = Documentation\Images\Logo256x256.png
		Documentation\Images\Logo32x32.png = Documentation\Images\Logo32x32.png
		Documentation\Images\Logo512x512.png = Documentation\Images\Logo512x512.png
		Documentation\Images\Logo64x64.png = Documentation\Images\Logo64x64.png
	EndProjectSection
EndProject
Project("{2150E333-8FDC-42A3-9474-1A3956D46DE8}") = "NuGet", "NuGet", "{F613AC10-FC49-4F9C-8149-5EF4B9681456}"
EndProject
Project("{FF286327-C783-4F7A-AB73-9BCBAD0D4460}") = "System.Windows.Documents.Reporting", "NuGet\System.Windows.Documents.Reporting\System.Windows.Documents.Reporting.nuproj", "{4A4767EB-5B59-4230-B843-ABA2C0E0DC7E}"
EndProject
Project("{8BB2217D-0F2D-49D1-97BC-3654ED321F3B}") = "XamlReporting.Samples.AspDotNet", "Samples\XamlReporting.Samples.AspDotNet\XamlReporting.Samples.AspDotNet.xproj", "{892009B1-A380-4877-A7F9-ED273F3ED145}"
EndProject
Global
	GlobalSection(SolutionConfigurationPlatforms) = preSolution
		Debug|Any CPU = Debug|Any CPU
		Release|Any CPU = Release|Any CPU
	EndGlobalSection
	GlobalSection(ProjectConfigurationPlatforms) = postSolution
		{E4B8A5C6-F483-490C-AF3D-3345083AB7DC}.Debug|Any CPU.ActiveCfg = Debug|Any CPU
		{E4B8A5C6-F483-490C-AF3D-3345083AB7DC}.Debug|Any CPU.Build.0 = Debug|Any CPU
		{E4B8A5C6-F483-490C-AF3D-3345083AB7DC}.Release|Any CPU.ActiveCfg = Release|Any CPU
		{E4B8A5C6-F483-490C-AF3D-3345083AB7DC}.Release|Any CPU.Build.0 = Release|Any CPU
		{74BE5657-E0A3-4C92-9AF9-A9496F52405B}.Debug|Any CPU.ActiveCfg = Debug|Any CPU
		{74BE5657-E0A3-4C92-9AF9-A9496F52405B}.Debug|Any CPU.Build.0 = Debug|Any CPU
		{74BE5657-E0A3-4C92-9AF9-A9496F52405B}.Release|Any CPU.ActiveCfg = Release|Any CPU
		{74BE5657-E0A3-4C92-9AF9-A9496F52405B}.Release|Any CPU.Build.0 = Release|Any CPU
		{82801FD1-A4C5-475E-A169-62F3FD3305E6}.Debug|Any CPU.ActiveCfg = Debug|Any CPU
		{82801FD1-A4C5-475E-A169-62F3FD3305E6}.Debug|Any CPU.Build.0 = Debug|Any CPU
		{82801FD1-A4C5-475E-A169-62F3FD3305E6}.Release|Any CPU.ActiveCfg = Release|Any CPU
		{82801FD1-A4C5-475E-A169-62F3FD3305E6}.Release|Any CPU.Build.0 = Release|Any CPU
		{4A4767EB-5B59-4230-B843-ABA2C0E0DC7E}.Debug|Any CPU.ActiveCfg = Debug|Any CPU
		{4A4767EB-5B59-4230-B843-ABA2C0E0DC7E}.Debug|Any CPU.Build.0 = Debug|Any CPU
		{4A4767EB-5B59-4230-B843-ABA2C0E0DC7E}.Release|Any CPU.ActiveCfg = Release|Any CPU
		{4A4767EB-5B59-4230-B843-ABA2C0E0DC7E}.Release|Any CPU.Build.0 = Release|Any CPU
		{892009B1-A380-4877-A7F9-ED273F3ED145}.Debug|Any CPU.ActiveCfg = Debug|Any CPU
		{892009B1-A380-4877-A7F9-ED273F3ED145}.Debug|Any CPU.Build.0 = Debug|Any CPU
		{892009B1-A380-4877-A7F9-ED273F3ED145}.Release|Any CPU.ActiveCfg = Release|Any CPU
		{892009B1-A380-4877-A7F9-ED273F3ED145}.Release|Any CPU.Build.0 = Release|Any CPU
	EndGlobalSection
	GlobalSection(SolutionProperties) = preSolution
		HideSolutionNode = FALSE
	EndGlobalSection
	GlobalSection(NestedProjects) = preSolution
		{74BE5657-E0A3-4C92-9AF9-A9496F52405B} = {DC346831-38C2-4E4A-8833-10F15873C70B}
		{82801FD1-A4C5-475E-A169-62F3FD3305E6} = {DC346831-38C2-4E4A-8833-10F15873C70B}
		{14770785-096A-45A8-8051-F732ECA51556} = {57C347B3-6782-4A69-A938-3BF115091078}
		{84F0F72A-EF56-4F93-9CEB-1C60152F1ED4} = {14770785-096A-45A8-8051-F732ECA51556}
		{4A4767EB-5B59-4230-B843-ABA2C0E0DC7E} = {F613AC10-FC49-4F9C-8149-5EF4B9681456}
		{892009B1-A380-4877-A7F9-ED273F3ED145} = {DC346831-38C2-4E4A-8833-10F15873C70B}
	EndGlobalSection
EndGlobal
